
Microsoft Visual Studio Solution File, Format Version 12.00
# Visual Studio Version 16
VisualStudioVersion = 16.0.29911.84
MinimumVisualStudioVersion = 10.0.40219.1
Project("{FAE04EC0-301F-11D3-BF4B-00C04F79EFBC}") = "Server", "Server\Server.csproj", "{E4BCF73C-2DCC-42AC-AC87-78AA548619C6}"
EndProject
Global
	GlobalSection(SolutionConfigurationPlatforms) = preSolution
		Debug|Any CPU = Debug|Any CPU
		Release|Any CPU = Release|Any CPU
	EndGlobalSection
	GlobalSection(ProjectConfigurationPlatforms) = postSolution
		{E4BCF73C-2DCC-42AC-AC87-78AA548619C6}.Debug|Any CPU.ActiveCfg = Debug|Any CPU
		{E4BCF73C-2DCC-42AC-AC87-78AA548619C6}.Debug|Any CPU.Build.0 = Debug|Any CPU
		{E4BCF73C-2DCC-42AC-AC87-78AA548619C6}.Release|Any CPU.ActiveCfg = Release|Any CPU
		{E4BCF73C-2DCC-42AC-AC87-78AA548619C6}.Release|Any CPU.Build.0 = Release|Any CPU
	EndGlobalSection
	GlobalSection(SolutionProperties) = preSolution
		HideSolutionNode = FALSE
	EndGlobalSection
	GlobalSection(ExtensibilityGlobals) = postSolution
		SolutionGuid = {C1646917-C278-4840-A6AB-9DF97D836AFB}
	EndGlobalSection
EndGlobal
